PODS:
  - Alamofire (5.4.4)
  - GoogleMaps (4.1.0):
    - GoogleMaps/Maps (= 4.1.0)
  - GoogleMaps/Base (4.1.0)
  - GoogleMaps/Maps (4.1.0):
    - GoogleMaps/Base
  - GooglePlaces (6.1.1)

DEPENDENCIES:
  - Alamofire (~> 5.4.1)
  - GoogleMaps (= 4.1.0)
  - GooglePlaces

SPEC REPOS:
  trunk:
    - Alamofire
    - GoogleMaps
    - GooglePlaces

SPEC CHECKSUMS:
  Alamofire: f3b09a368f1582ab751b3fff5460276e0d2cf5c9
  GoogleMaps: 008e2c80e38605b56b560e8deb73d4194ff30bef
  GooglePlaces: 9c1f3baa75191b94dfc12b80a801292e03977f73

PODFILE CHECKSUM: 50446ca120575b5e2bc520876fc26726f78a8cc6

COCOAPODS: 1.11.3
